// !$*UTF8*$!
{
	archiveVersion = 1;
	classes = {
	};
	objectVersion = 46;
	objects = {

/* Begin PBXBuildFile section */
		AB3ED1281BC8C8DD001D8CF3 /* main.m in Sources */ = {isa = PBXBuildFile; fileRef = AB3ED1271BC8C8DD001D8CF3 /* main.m */; };
		AB3ED12B1BC8C8DD001D8CF3 /* AppDelegate.m in Sources */ = {isa = PBXBuildFile; fileRef = AB3ED12A1BC8C8DD001D8CF3 /* AppDelegate.m */; };
		AB3ED1301BC8C8DD001D8CF3 /* GameViewController.m in Sources */ = {isa = PBXBuildFile; fileRef = AB3ED12F1BC8C8DD001D8CF3 /* GameViewController.m */; };
		AB3ED1351BC8C8DD001D8CF3 /* Assets.xcassets in Resources */ = {isa = PBXBuildFile; fileRef = AB3ED1341BC8C8DD001D8CF3 /* Assets.xcassets */; };
		AB3ED1381BC8C8DD001D8CF3 /* LaunchScreen.storyboard in Resources */ = {isa = PBXBuildFile; fileRef = AB3ED1361BC8C8DD001D8CF3 /* LaunchScreen.storyboard */; };
		AB3ED1401BC8C9D3001D8CF3 /* Main.storyboard in Resources */ = {isa = PBXBuildFile; fileRef = AB3ED13F1BC8C9D3001D8CF3 /* Main.storyboard */; settings = {ASSET_TAGS = (); }; };
		AB3ED1481BC8C9F5001D8CF3 /* back.jpg in Resources */ = {isa = PBXBuildFile; fileRef = AB3ED1411BC8C9F5001D8CF3 /* back.jpg */; settings = {ASSET_TAGS = (); }; };
		AB3ED1491BC8C9F5001D8CF3 /* bottom.jpg in Resources */ = {isa = PBXBuildFile; fileRef = AB3ED1421BC8C9F5001D8CF3 /* bottom.jpg */; settings = {ASSET_TAGS = (); }; };
		AB3ED14A1BC8C9F5001D8CF3 /* front.jpg in Resources */ = {isa = PBXBuildFile; fileRef = AB3ED1431BC8C9F5001D8CF3 /* front.jpg */; settings = {ASSET_TAGS = (); }; };
		AB3ED14B1BC8C9F5001D8CF3 /* left.jpg in Resources */ = {isa = PBXBuildFile; fileRef = AB3ED1441BC8C9F5001D8CF3 /* left.jpg */; settings = {ASSET_TAGS = (); }; };
		AB3ED14C1BC8C9F5001D8CF3 /* right.jpg in Resources */ = {isa = PBXBuildFile; fileRef = AB3ED1451BC8C9F5001D8CF3 /* right.jpg */; settings = {ASSET_TAGS = (); }; };
		AB3ED14D1BC8C9F5001D8CF3 /* top.jpg in Resources */ = {isa = PBXBuildFile; fileRef = AB3ED1461BC8C9F5001D8CF3 /* top.jpg */; settings = {ASSET_TAGS = (); }; };
		AB3ED14E1BC8C9F5001D8CF3 /* monkey.dae in Resources */ = {isa = PBXBuildFile; fileRef = AB3ED1471BC8C9F5001D8CF3 /* monkey.dae */; settings = {ASSET_TAGS = (); }; };
		AB3ED1521BC8CD16001D8CF3 /* SKScene+Unarchive.m in Sources */ = {isa = PBXBuildFile; fileRef = AB3ED1511BC8CD16001D8CF3 /* SKScene+Unarchive.m */; settings = {ASSET_TAGS = (); }; };
		ABDA545F1BC9D63C001D0DC0 /* skybox.png in Resources */ = {isa = PBXBuildFile; fileRef = ABDA545E1BC9D63C001D0DC0 /* skybox.png */; settings = {ASSET_TAGS = (); }; };
		AB5D18151BC8D7CA0086B192 /* SpriteKitDemoScene.sks in Resources */ = {isa = PBXBuildFile; fileRef = AB5D18141BC8D7CA0086B192 /* SpriteKitDemoScene.sks */; settings = {ASSET_TAGS = (); }; };
/* End PBXBuildFile section */

/* Begin PBXFileReference section */
		AB3ED1231BC8C8DD001D8CF3 /* SceneSpriteGLKit.app */ = {isa = PBXFileReference; explicitFileType = wrapper.application; includeInIndex = 0; path = SceneSpriteGLKit.app; sourceTree = BUILT_PRODUCTS_DIR; };
		AB3ED1271BC8C8DD001D8CF3 /* main.m */ = {isa = PBXFileReference; lastKnownFileType = sourcecode.c.objc; path = main.m; sourceTree = "<group>"; };
		AB3ED1291BC8C8DD001D8CF3 /* AppDelegate.h */ = {isa = PBXFileReference; lastKnownFileType = sourcecode.c.h; path = AppDelegate.h; sourceTree = "<group>"; };
		AB3ED12A1BC8C8DD001D8CF3 /* AppDelegate.m */ = {isa = PBXFileReference; lastKnownFileType = sourcecode.c.objc; path = AppDelegate.m; sourceTree = "<group>"; };
		AB3ED12E1BC8C8DD001D8CF3 /* GameViewController.h */ = {isa = PBXFileReference; lastKnownFileType = sourcecode.c.h; path = GameViewController.h; sourceTree = "<group>"; };
		AB3ED12F1BC8C8DD001D8CF3 /* GameViewController.m */ = {isa = PBXFileReference; lastKnownFileType = sourcecode.c.objc; path = GameViewController.m; sourceTree = "<group>"; };
		AB3ED1341BC8C8DD001D8CF3 /* Assets.xcassets */ = {isa = PBXFileReference; lastKnownFileType = folder.assetcatalog; path = Assets.xcassets; sourceTree = "<group>"; };
		AB3ED1371BC8C8DD001D8CF3 /* Base */ = {isa = PBXFileReference; lastKnownFileType = file.storyboard; name = Base; path = Base.lproj/LaunchScreen.storyboard; sourceTree = "<group>"; };
		AB3ED1391BC8C8DD001D8CF3 /* Info.plist */ = {isa = PBXFileReference; lastKnownFileType = text.plist.xml; path = Info.plist; sourceTree = "<group>"; };
		AB3ED13F1BC8C9D3001D8CF3 /* Main.storyboard */ = {isa = PBXFileReference; fileEncoding = 4; lastKnownFileType = file.storyboard; path = Main.storyboard; sourceTree = "<group>"; };
		AB3ED1411BC8C9F5001D8CF3 /* back.jpg */ = {isa = PBXFileReference; lastKnownFileType = image.jpeg; path = back.jpg; sourceTree = "<group>"; };
		AB3ED1421BC8C9F5001D8CF3 /* bottom.jpg */ = {isa = PBXFileReference; lastKnownFileType = image.jpeg; path = bottom.jpg; sourceTree = "<group>"; };
		AB3ED1431BC8C9F5001D8CF3 /* front.jpg */ = {isa = PBXFileReference; lastKnownFileType = image.jpeg; path = front.jpg; sourceTree = "<group>"; };
		AB3ED1441BC8C9F5001D8CF3 /* left.jpg */ = {isa = PBXFileReference; lastKnownFileType = image.jpeg; path = left.jpg; sourceTree = "<group>"; };
		AB3ED1451BC8C9F5001D8CF3 /* right.jpg */ = {isa = PBXFileReference; lastKnownFileType = image.jpeg; path = right.jpg; sourceTree = "<group>"; };
		AB3ED1461BC8C9F5001D8CF3 /* top.jpg */ = {isa = PBXFileReference; lastKnownFileType = image.jpeg; path = top.jpg; sourceTree = "<group>"; };
		AB3ED1471BC8C9F5001D8CF3 /* monkey.dae */ = {isa = PBXFileReference; fileEncoding = 4; lastKnownFileType = text.xml.dae; path = monkey.dae; sourceTree = "<group>"; };
		AB3ED14F1BC8CCE8001D8CF3 /* normalizeRotation.h */ = {isa = PBXFileReference; lastKnownFileType = sourcecode.c.h; path = normalizeRotation.h; sourceTree = "<group>"; };
		AB3ED1501BC8CD16001D8CF3 /* SKScene+Unarchive.h */ = {isa = PBXFileReference; fileEncoding = 4; lastKnownFileType = sourcecode.c.h; path = "SKScene+Unarchive.h"; sourceTree = "<group>"; };
		AB3ED1511BC8CD16001D8CF3 /* SKScene+Unarchive.m */ = {isa = PBXFileReference; fileEncoding = 4; lastKnownFileType = sourcecode.c.objc; path = "SKScene+Unarchive.m"; sourceTree = "<group>"; };
		ABDA545E1BC9D63C001D0DC0 /* skybox.png */ = {isa = PBXFileReference; lastKnownFileType = image.png; path = skybox.png; sourceTree = "<group>"; };
		AB5D18141BC8D7CA0086B192 /* SpriteKitDemoScene.sks */ = {isa = PBXFileReference; lastKnownFileType = file.sks; path = SpriteKitDemoScene.sks; sourceTree = "<group>"; };
/* End PBXFileReference section */

/* Begin PBXFrameworksBuildPhase section */
		AB3ED1201BC8C8DD001D8CF3 /* Frameworks */ = {
			isa = PBXFrameworksBuildPhase;
			buildActionMask = 2147483647;
			files = (
			);
			runOnlyForDeploymentPostprocessing = 0;
		};
/* End PBXFrameworksBuildPhase section */

/* Begin PBXGroup section */
		AB3ED11A1BC8C8DD001D8CF3 = {
			isa = PBXGroup;
			children = (
				AB3ED1251BC8C8DD001D8CF3 /* SceneSpriteGLKit */,
				AB3ED1241BC8C8DD001D8CF3 /* Products */,
			);
			sourceTree = "<group>";
		};
		AB3ED1241BC8C8DD001D8CF3 /* Products */ = {
			isa = PBXGroup;
			children = (
				AB3ED1231BC8C8DD001D8CF3 /* SceneSpriteGLKit.app */,
			);
			name = Products;
			sourceTree = "<group>";
		};
		AB3ED1251BC8C8DD001D8CF3 /* SceneSpriteGLKit */ = {
			isa = PBXGroup;
			children = (
				AB3ED1291BC8C8DD001D8CF3 /* AppDelegate.h */,
				AB3ED12A1BC8C8DD001D8CF3 /* AppDelegate.m */,
				AB3ED14F1BC8CCE8001D8CF3 /* normalizeRotation.h */,
				AB3ED1501BC8CD16001D8CF3 /* SKScene+Unarchive.h */,
				AB3ED1511BC8CD16001D8CF3 /* SKScene+Unarchive.m */,
				AB3ED12E1BC8C8DD001D8CF3 /* GameViewController.h */,
				AB3ED12F1BC8C8DD001D8CF3 /* GameViewController.m */,
				AB5D18141BC8D7CA0086B192 /* SpriteKitDemoScene.sks */,
				AB3ED1341BC8C8DD001D8CF3 /* Assets.xcassets */,
				AB3ED1411BC8C9F5001D8CF3 /* back.jpg */,
				AB3ED1421BC8C9F5001D8CF3 /* bottom.jpg */,
				AB3ED1431BC8C9F5001D8CF3 /* front.jpg */,
				AB3ED1441BC8C9F5001D8CF3 /* left.jpg */,
				AB3ED1451BC8C9F5001D8CF3 /* right.jpg */,
				AB3ED1461BC8C9F5001D8CF3 /* top.jpg */,
				ABDA545E1BC9D63C001D0DC0 /* skybox.png */,
				AB3ED1471BC8C9F5001D8CF3 /* monkey.dae */,
				AB3ED13F1BC8C9D3001D8CF3 /* Main.storyboard */,
				AB3ED1361BC8C8DD001D8CF3 /* LaunchScreen.storyboard */,
				AB3ED1391BC8C8DD001D8CF3 /* Info.plist */,
				AB3ED1261BC8C8DD001D8CF3 /* Supporting Files */,
			);
			path = SceneSpriteGLKit;
			sourceTree = "<group>";
		};
		AB3ED1261BC8C8DD001D8CF3 /* Supporting Files */ = {
			isa = PBXGroup;
			children = (
				AB3ED1271BC8C8DD001D8CF3 /* main.m */,
			);
			name = "Supporting Files";
			sourceTree = "<group>";
		};
/* End PBXGroup section */

/* Begin PBXNativeTarget section */
		AB3ED1221BC8C8DD001D8CF3 /* SceneSpriteGLKit */ = {
			isa = PBXNativeTarget;
			buildConfigurationList = AB3ED13C1BC8C8DD001D8CF3 /* Build configuration list for PBXNativeTarget "SceneSpriteGLKit" */;
			buildPhases = (
				AB3ED11F1BC8C8DD001D8CF3 /* Sources */,
				AB3ED1201BC8C8DD001D8CF3 /* Frameworks */,
				AB3ED1211BC8C8DD001D8CF3 /* Resources */,
			);
			buildRules = (
			);
			dependencies = (
			);
			name = SceneSpriteGLKit;
			productName = SceneSpriteGLKit;
			productReference = AB3ED1231BC8C8DD001D8CF3 /* SceneSpriteGLKit.app */;
			productType = "com.apple.product-type.application";
		};
/* End PBXNativeTarget section */

/* Begin PBXProject section */
		AB3ED11B1BC8C8DD001D8CF3 /* Project object */ = {
			isa = PBXProject;
			attributes = {
				CLASSPREFIX = "";
				LastUpgradeCheck = 0700;
				ORGANIZATIONNAME = "Enharmonic inc";
				TargetAttributes = {
					AB3ED1221BC8C8DD001D8CF3 = {
						CreatedOnToolsVersion = 7.0.1;
					};
				};
			};
			buildConfigurationList = AB3ED11E1BC8C8DD001D8CF3 /* Build configuration list for PBXProject "SceneSpriteGLKit" */;
			compatibilityVersion = "Xcode 3.2";
			developmentRegion = English;
			hasScannedForEncodings = 0;
			knownRegions = (
				en,
				Base,
			);
			mainGroup = AB3ED11A1BC8C8DD001D8CF3;
			productRefGroup = AB3ED1241BC8C8DD001D8CF3 /* Products */;
			projectDirPath = "";
			projectRoot = "";
			targets = (
				AB3ED1221BC8C8DD001D8CF3 /* SceneSpriteGLKit */,
			);
		};
/* End PBXProject section */

/* Begin PBXResourcesBuildPhase section */
		AB3ED1211BC8C8DD001D8CF3 /* Resources */ = {
			isa = PBXResourcesBuildPhase;
			buildActionMask = 2147483647;
			files = (
				AB3ED1491BC8C9F5001D8CF3 /* bottom.jpg in Resources */,
				ABDA545F1BC9D63C001D0DC0 /* skybox.png in Resources */,
				AB3ED14B1BC8C9F5001D8CF3 /* left.jpg in Resources */,
				AB3ED14D1BC8C9F5001D8CF3 /* top.jpg in Resources */,
				AB3ED14E1BC8C9F5001D8CF3 /* monkey.dae in Resources */,
				AB3ED14C1BC8C9F5001D8CF3 /* right.jpg in Resources */,
				AB3ED14A1BC8C9F5001D8CF3 /* front.jpg in Resources */,
				AB3ED1481BC8C9F5001D8CF3 /* back.jpg in Resources */,
				AB3ED1381BC8C8DD001D8CF3 /* LaunchScreen.storyboard in Resources */,
				AB3ED1351BC8C8DD001D8CF3 /* Assets.xcassets in Resources */,
				AB5D18151BC8D7CA0086B192 /* SpriteKitDemoScene.sks in Resources */,
				AB3ED1401BC8C9D3001D8CF3 /* Main.storyboard in Resources */,
			);
			runOnlyForDeploymentPostprocessing = 0;
		};
/* End PBXResourcesBuildPhase section */

/* Begin PBXSourcesBuildPhase section */
		AB3ED11F1BC8C8DD001D8CF3 /* Sources */ = {
			isa = PBXSourcesBuildPhase;
			buildActionMask = 2147483647;
			files = (
				AB3ED12B1BC8C8DD001D8CF3 /* AppDelegate.m in Sources */,
				AB3ED1301BC8C8DD001D8CF3 /* GameViewController.m in Sources */,
				AB3ED1521BC8CD16001D8CF3 /* SKScene+Unarchive.m in Sources */,
				AB3ED1281BC8C8DD001D8CF3 /* main.m in Sources */,
			);
			runOnlyForDeploymentPostprocessing = 0;
		};
/* End PBXSourcesBuildPhase section */

/* Begin PBXVariantGroup section */
		AB3ED1361BC8C8DD001D8CF3 /* LaunchScreen.storyboard */ = {
			isa = PBXVariantGroup;
			children = (
				AB3ED1371BC8C8DD001D8CF3 /* Base */,
			);
			name = LaunchScreen.storyboard;
			sourceTree = "<group>";
		};
/* End PBXVariantGroup section */

/* Begin XCBuildConfiguration section */
		AB3ED13A1BC8C8DD001D8CF3 /* Debug */ = {
			isa = XCBuildConfiguration;
			buildSettings = {
				ALWAYS_SEARCH_USER_PATHS = NO;
				CLANG_CXX_LANGUAGE_STANDARD = "gnu++0x";
				CLANG_CXX_LIBRARY = "libc++";
				CLANG_ENABLE_MODULES = YES;
				CLANG_ENABLE_OBJC_ARC = YES;
				CLANG_WARN_BOOL_CONVERSION = YES;
				CLANG_WARN_CONSTANT_CONVERSION = YES;
				CLANG_WARN_DIRECT_OBJC_ISA_USAGE = YES_ERROR;
				CLANG_WARN_EMPTY_BODY = YES;
				CLANG_WARN_ENUM_CONVERSION = YES;
				CLANG_WARN_INT_CONVERSION = YES;
				CLANG_WARN_OBJC_ROOT_CLASS = YES_ERROR;
				CLANG_WARN_UNREACHABLE_CODE = YES;
				CLANG_WARN__DUPLICATE_METHOD_MATCH = YES;
				"CODE_SIGN_IDENTITY[sdk=iphoneos*]" = "iPhone Developer";
				COPY_PHASE_STRIP = NO;
				DEBUG_INFORMATION_FORMAT = "dwarf-with-dsym";
				ENABLE_STRICT_OBJC_MSGSEND = YES;
				ENABLE_TESTABILITY = YES;
				GCC_C_LANGUAGE_STANDARD = gnu99;
				GCC_DYNAMIC_NO_PIC = NO;
				GCC_NO_COMMON_BLOCKS = YES;
				GCC_OPTIMIZATION_LEVEL = 0;
				GCC_PREPROCESSOR_DEFINITIONS = (
					"DEBUG=1",
					"$(inherited)",
				);
				GCC_WARN_64_TO_32_BIT_CONVERSION = YES;
				GCC_WARN_ABOUT_RETURN_TYPE = YES_ERROR;
				GCC_WARN_UNDECLARED_SELECTOR = YES;
				GCC_WARN_UNINITIALIZED_AUTOS = YES_AGGRESSIVE;
				GCC_WARN_UNUSED_FUNCTION = YES;
				GCC_WARN_UNUSED_VARIABLE = YES;
				IPHONEOS_DEPLOYMENT_TARGET = 9.0;
				MTL_ENABLE_DEBUG_INFO = YES;
				ONLY_ACTIVE_ARCH = YES;
				SDKROOT = iphoneos;
				TARGETED_DEVICE_FAMILY = "1,2";
			};
			name = Debug;
		};
		AB3ED13B1BC8C8DD001D8CF3 /* Release */ = {
			isa = XCBuildConfiguration;
			buildSettings = {
				ALWAYS_SEARCH_USER_PATHS = NO;
				CLANG_CXX_LANGUAGE_STANDARD = "gnu++0x";
				CLANG_CXX_LIBRARY = "libc++";
				CLANG_ENABLE_MODULES = YES;
				CLANG_ENABLE_OBJC_ARC = YES;
				CLANG_WARN_BOOL_CONVERSION = YES;
				CLANG_WARN_CONSTANT_CONVERSION = YES;
				CLANG_WARN_DIRECT_OBJC_ISA_USAGE = YES_ERROR;
				CLANG_WARN_EMPTY_BODY = YES;
				CLANG_WARN_ENUM_CONVERSION = YES;
				CLANG_WARN_INT_CONVERSION = YES;
				CLANG_WARN_OBJC_ROOT_CLASS = YES_ERROR;
				CLANG_WARN_UNREACHABLE_CODE = YES;
				CLANG_WARN__DUPLICATE_METHOD_MATCH = YES;
				"CODE_SIGN_IDENTITY[sdk=iphoneos*]" = "iPhone Developer";
				COPY_PHASE_STRIP = NO;
				DEBUG_INFORMATION_FORMAT = "dwarf-with-dsym";
				ENABLE_NS_ASSERTIONS = NO;
				ENABLE_STRICT_OBJC_MSGSEND = YES;
				GCC_C_LANGUAGE_STANDARD = gnu99;
				GCC_NO_COMMON_BLOCKS = YES;
				GCC_WARN_64_TO_32_BIT_CONVERSION = YES;
				GCC_WARN_ABOUT_RETURN_TYPE = YES_ERROR;
				GCC_WARN_UNDECLARED_SELECTOR = YES;
				GCC_WARN_UNINITIALIZED_AUTOS = YES_AGGRESSIVE;
				GCC_WARN_UNUSED_FUNCTION = YES;
				GCC_WARN_UNUSED_VARIABLE = YES;
				IPHONEOS_DEPLOYMENT_TARGET = 9.0;
				MTL_ENABLE_DEBUG_INFO = NO;
				SDKROOT = iphoneos;
				TARGETED_DEVICE_FAMILY = "1,2";
				VALIDATE_PRODUCT = YES;
			};
			name = Release;
		};
		AB3ED13D1BC8C8DD001D8CF3 /* Debug */ = {
			isa = XCBuildConfiguration;
			buildSettings = {
				ASSETCATALOG_COMPILER_APPICON_NAME = AppIcon;
				INFOPLIST_FILE = SceneSpriteGLKit/Info.plist;
				LD_RUNPATH_SEARCH_PATHS = "$(inherited) @executable_path/Frameworks";
				PRODUCT_BUNDLE_IDENTIFIER = com.enharmonichq.SceneSpriteGLKit;
				PRODUCT_NAME = "$(TARGET_NAME)";
			};
			name = Debug;
		};
		AB3ED13E1BC8C8DD001D8CF3 /* Release */ = {
			isa = XCBuildConfiguration;
			buildSettings = {
				ASSETCATALOG_COMPILER_APPICON_NAME = AppIcon;
				INFOPLIST_FILE = SceneSpriteGLKit/Info.plist;
				LD_RUNPATH_SEARCH_PATHS = "$(inherited) @executable_path/Frameworks";
				PRODUCT_BUNDLE_IDENTIFIER = com.enharmonichq.SceneSpriteGLKit;
				PRODUCT_NAME = "$(TARGET_NAME)";
			};
			name = Release;
		};
/* End XCBuildConfiguration section */

/* Begin XCConfigurationList section */
		AB3ED11E1BC8C8DD001D8CF3 /* Build configuration list for PBXProject "SceneSpriteGLKit" */ = {
			isa = XCConfigurationList;
			buildConfigurations = (
				AB3ED13A1BC8C8DD001D8CF3 /* Debug */,
				AB3ED13B1BC8C8DD001D8CF3 /* Release */,
			);
			defaultConfigurationIsVisible = 0;
			defaultConfigurationName = Release;
		};
		AB3ED13C1BC8C8DD001D8CF3 /* Build configuration list for PBXNativeTarget "SceneSpriteGLKit" */ = {
			isa = XCConfigurationList;
			buildConfigurations = (
				AB3ED13D1BC8C8DD001D8CF3 /* Debug */,
				AB3ED13E1BC8C8DD001D8CF3 /* Release */,
			);
			defaultConfigurationIsVisible = 0;
			defaultConfigurationName = Release;
		};
/* End XCConfigurationList section */
	};
	rootObject = AB3ED11B1BC8C8DD001D8CF3 /* Project object */;
}
